
Microsoft Visual Studio Solution File, Format Version 12.00
# Visual Studio 2012
Project("{FAE04EC0-301F-11D3-BF4B-00C04F79EFBC}") = "new next3", "new next3\new next3.csproj", "{700DF7D1-C306-4AE4-9D02-C2A008E212BB}"
EndProject
Project("{FAE04EC0-301F-11D3-BF4B-00C04F79EFBC}") = "New text", "..\New text\New text\New text.csproj", "{EB338FB8-EED3-40B4-B333-E03AA7C2ADC2}"
EndProject
Project("{FAE04EC0-301F-11D3-BF4B-00C04F79EFBC}") = "new text2", "..\new text2\new text2\new text2.csproj", "{7073922F-778A-44AC-A5E5-BD668A3978A2}"
EndProject
Global
	GlobalSection(SolutionConfigurationPlatforms) = preSolution
		Debug|Any CPU = Debug|Any CPU
		Release|Any CPU = Release|Any CPU
	EndGlobalSection
	GlobalSection(ProjectConfigurationPlatforms) = postSolution
		{700DF7D1-C306-4AE4-9D02-C2A008E212BB}.Debug|Any CPU.ActiveCfg = Debug|Any CPU
		{700DF7D1-C306-4AE4-9D02-C2A008E212BB}.Debug|Any CPU.Build.0 = Debug|Any CPU
		{700DF7D1-C306-4AE4-9D02-C2A008E212BB}.Release|Any CPU.ActiveCfg = Release|Any CPU
		{700DF7D1-C306-4AE4-9D02-C2A008E212BB}.Release|Any CPU.Build.0 = Release|Any CPU
		{EB338FB8-EED3-40B4-B333-E03AA7C2ADC2}.Debug|Any CPU.ActiveCfg = Debug|Any CPU
		{EB338FB8-EED3-40B4-B333-E03AA7C2ADC2}.Debug|Any CPU.Build.0 = Debug|Any CPU
		{EB338FB8-EED3-40B4-B333-E03AA7C2ADC2}.Release|Any CPU.ActiveCfg = Release|Any CPU
		{EB338FB8-EED3-40B4-B333-E03AA7C2ADC2}.Release|Any CPU.Build.0 = Release|Any CPU
		{7073922F-778A-44AC-A5E5-BD668A3978A2}.Debug|Any CPU.ActiveCfg = Debug|Any CPU
		{7073922F-778A-44AC-A5E5-BD668A3978A2}.Debug|Any CPU.Build.0 = Debug|Any CPU
		{7073922F-778A-44AC-A5E5-BD668A3978A2}.Release|Any CPU.ActiveCfg = Release|Any CPU
		{7073922F-778A-44AC-A5E5-BD668A3978A2}.Release|Any CPU.Build.0 = Release|Any CPU
	EndGlobalSection
	GlobalSection(SolutionProperties) = preSolution
		HideSolutionNode = FALSE
	EndGlobalSection
EndGlobal
