
Microsoft Visual Studio Solution File, Format Version 12.00
# Visual Studio 2012
Project("{FAE04EC0-301F-11D3-BF4B-00C04F79EFBC}") = "chapter16", "chapter16\chapter16.csproj", "{CE5E42C0-AD7F-4372-957C-C78A4E0981F2}"
EndProject
Global
	GlobalSection(SolutionConfigurationPlatforms) = preSolution
		Debug|Any CPU = Debug|Any CPU
		Release|Any CPU = Release|Any CPU
	EndGlobalSection
	GlobalSection(ProjectConfigurationPlatforms) = postSolution
		{CE5E42C0-AD7F-4372-957C-C78A4E0981F2}.Debug|Any CPU.ActiveCfg = Debug|Any CPU
		{CE5E42C0-AD7F-4372-957C-C78A4E0981F2}.Debug|Any CPU.Build.0 = Debug|Any CPU
		{CE5E42C0-AD7F-4372-957C-C78A4E0981F2}.Release|Any CPU.ActiveCfg = Release|Any CPU
		{CE5E42C0-AD7F-4372-957C-C78A4E0981F2}.Release|Any CPU.Build.0 = Release|Any CPU
	EndGlobalSection
	GlobalSection(SolutionProperties) = preSolution
		HideSolutionNode = FALSE
	EndGlobalSection
EndGlobal
