
Microsoft Visual Studio Solution File, Format Version 12.00
# Visual Studio 2012
Project("{FAE04EC0-301F-11D3-BF4B-00C04F79EFBC}") = "影院售票系统", "影院售票系统\影院售票系统.csproj", "{8B8D5630-40C5-4D1C-8135-FC878AB94959}"
EndProject
Global
	GlobalSection(SolutionConfigurationPlatforms) = preSolution
		Debug|Any CPU = Debug|Any CPU
		Release|Any CPU = Release|Any CPU
	EndGlobalSection
	GlobalSection(ProjectConfigurationPlatforms) = postSolution
		{8B8D5630-40C5-4D1C-8135-FC878AB94959}.Debug|Any CPU.ActiveCfg = Debug|Any CPU
		{8B8D5630-40C5-4D1C-8135-FC878AB94959}.Debug|Any CPU.Build.0 = Debug|Any CPU
		{8B8D5630-40C5-4D1C-8135-FC878AB94959}.Release|Any CPU.ActiveCfg = Release|Any CPU
		{8B8D5630-40C5-4D1C-8135-FC878AB94959}.Release|Any CPU.Build.0 = Release|Any CPU
	EndGlobalSection
	GlobalSection(SolutionProperties) = preSolution
		HideSolutionNode = FALSE
	EndGlobalSection
EndGlobal
