
Microsoft Visual Studio Solution File, Format Version 12.00
# Visual Studio 2012
Project("{FAE04EC0-301F-11D3-BF4B-00C04F79EFBC}") = "NET.第九章", "NET.第九章\NET.第九章\NET.第九章.csproj", "{59986409-FC77-47AF-A9A2-6BFA47FAEDF0}"
EndProject
Project("{2150E333-8FDC-42A3-9474-1A3956D46DE8}") = "New.day09", "New.day09", "{06672317-C7F6-4701-B662-E0F51C5288FB}"
EndProject
Project("{FAE04EC0-301F-11D3-BF4B-00C04F79EFBC}") = "资源管理器", "资源管理器\资源管理器.csproj", "{0EF32F9B-2509-4804-9953-2BAC2AA9922F}"
EndProject
Project("{FAE04EC0-301F-11D3-BF4B-00C04F79EFBC}") = "NET.第十章", "NET.第十章\NET.第十章\NET.第十章.csproj", "{A3207D3B-AC6D-4131-A63B-E94A43BB1733}"
EndProject
Project("{FAE04EC0-301F-11D3-BF4B-00C04F79EFBC}") = "jisuanqi", "NET.第十章\jisuanqi\jisuanqi.csproj", "{F8FC2F37-BC9A-4D8D-A7C0-4B60E4F4055A}"
EndProject
Project("{FAE04EC0-301F-11D3-BF4B-00C04F79EFBC}") = "danli", "NET.第十章\danli\danli.csproj", "{93F62AF9-E465-46C4-B135-5FBED3B9D927}"
EndProject
Project("{FAE04EC0-301F-11D3-BF4B-00C04F79EFBC}") = "NET.接口", "NET.第十章\NET.接口\NET.接口.csproj", "{D5037299-C12A-442F-B46E-7E8A6F0DCF5A}"
EndProject
Project("{FAE04EC0-301F-11D3-BF4B-00C04F79EFBC}") = "NET.第八章", "NET.第八章\NET.第八章\NET.第八章.csproj", "{E72C6409-ADB0-4EB4-84B3-9600A7A41479}"
EndProject
Project("{FAE04EC0-301F-11D3-BF4B-00C04F79EFBC}") = "网络精灵电视台", "网络精灵电视台\网络精灵电视台.csproj", "{626FFA76-41C1-42D1-839B-1AEA84D366FC}"
EndProject
Project("{FAE04EC0-301F-11D3-BF4B-00C04F79EFBC}") = "NetSpy", "C:\Users\10918\Documents\Visual Studio 2012\Projects\NetSpy\NetSpy.csproj", "{9F503F5D-9B56-4037-9DC3-A1396E0D70AF}"
EndProject
Project("{FAE04EC0-301F-11D3-BF4B-00C04F79EFBC}") = "Day08网络电视精灵", "Day08网络电视精灵\Day08网络电视精灵.csproj", "{9B3A73FE-D9CF-4114-AD60-07352A4C1AC9}"
EndProject
Project("{2150E333-8FDC-42A3-9474-1A3956D46DE8}") = "New.day08", "New.day08", "{59B6C1AF-80ED-4863-B1DF-9D87F538DA49}"
EndProject
Project("{2150E333-8FDC-42A3-9474-1A3956D46DE8}") = "New.daylianxi", "New.daylianxi", "{8D631D59-0739-4FD0-8E16-B60B126A3133}"
EndProject
Project("{2150E333-8FDC-42A3-9474-1A3956D46DE8}") = "New.day10", "New.day10", "{B0B0F554-ABD4-4B0F-8868-93DD9B845A77}"
EndProject
Global
	GlobalSection(SolutionConfigurationPlatforms) = preSolution
		Debug|Any CPU = Debug|Any CPU
		Release|Any CPU = Release|Any CPU
	EndGlobalSection
	GlobalSection(ProjectConfigurationPlatforms) = postSolution
		{59986409-FC77-47AF-A9A2-6BFA47FAEDF0}.Debug|Any CPU.ActiveCfg = Debug|Any CPU
		{59986409-FC77-47AF-A9A2-6BFA47FAEDF0}.Debug|Any CPU.Build.0 = Debug|Any CPU
		{59986409-FC77-47AF-A9A2-6BFA47FAEDF0}.Release|Any CPU.ActiveCfg = Release|Any CPU
		{59986409-FC77-47AF-A9A2-6BFA47FAEDF0}.Release|Any CPU.Build.0 = Release|Any CPU
		{0EF32F9B-2509-4804-9953-2BAC2AA9922F}.Debug|Any CPU.ActiveCfg = Debug|Any CPU
		{0EF32F9B-2509-4804-9953-2BAC2AA9922F}.Debug|Any CPU.Build.0 = Debug|Any CPU
		{0EF32F9B-2509-4804-9953-2BAC2AA9922F}.Release|Any CPU.ActiveCfg = Release|Any CPU
		{0EF32F9B-2509-4804-9953-2BAC2AA9922F}.Release|Any CPU.Build.0 = Release|Any CPU
		{A3207D3B-AC6D-4131-A63B-E94A43BB1733}.Debug|Any CPU.ActiveCfg = Debug|Any CPU
		{A3207D3B-AC6D-4131-A63B-E94A43BB1733}.Debug|Any CPU.Build.0 = Debug|Any CPU
		{A3207D3B-AC6D-4131-A63B-E94A43BB1733}.Release|Any CPU.ActiveCfg = Release|Any CPU
		{A3207D3B-AC6D-4131-A63B-E94A43BB1733}.Release|Any CPU.Build.0 = Release|Any CPU
		{F8FC2F37-BC9A-4D8D-A7C0-4B60E4F4055A}.Debug|Any CPU.ActiveCfg = Debug|Any CPU
		{F8FC2F37-BC9A-4D8D-A7C0-4B60E4F4055A}.Debug|Any CPU.Build.0 = Debug|Any CPU
		{F8FC2F37-BC9A-4D8D-A7C0-4B60E4F4055A}.Release|Any CPU.ActiveCfg = Release|Any CPU
		{F8FC2F37-BC9A-4D8D-A7C0-4B60E4F4055A}.Release|Any CPU.Build.0 = Release|Any CPU
		{93F62AF9-E465-46C4-B135-5FBED3B9D927}.Debug|Any CPU.ActiveCfg = Debug|Any CPU
		{93F62AF9-E465-46C4-B135-5FBED3B9D927}.Debug|Any CPU.Build.0 = Debug|Any CPU
		{93F62AF9-E465-46C4-B135-5FBED3B9D927}.Release|Any CPU.ActiveCfg = Release|Any CPU
		{93F62AF9-E465-46C4-B135-5FBED3B9D927}.Release|Any CPU.Build.0 = Release|Any CPU
		{D5037299-C12A-442F-B46E-7E8A6F0DCF5A}.Debug|Any CPU.ActiveCfg = Debug|Any CPU
		{D5037299-C12A-442F-B46E-7E8A6F0DCF5A}.Debug|Any CPU.Build.0 = Debug|Any CPU
		{D5037299-C12A-442F-B46E-7E8A6F0DCF5A}.Release|Any CPU.ActiveCfg = Release|Any CPU
		{D5037299-C12A-442F-B46E-7E8A6F0DCF5A}.Release|Any CPU.Build.0 = Release|Any CPU
		{E72C6409-ADB0-4EB4-84B3-9600A7A41479}.Debug|Any CPU.ActiveCfg = Debug|Any CPU
		{E72C6409-ADB0-4EB4-84B3-9600A7A41479}.Debug|Any CPU.Build.0 = Debug|Any CPU
		{E72C6409-ADB0-4EB4-84B3-9600A7A41479}.Release|Any CPU.ActiveCfg = Release|Any CPU
		{E72C6409-ADB0-4EB4-84B3-9600A7A41479}.Release|Any CPU.Build.0 = Release|Any CPU
		{626FFA76-41C1-42D1-839B-1AEA84D366FC}.Debug|Any CPU.ActiveCfg = Debug|Any CPU
		{626FFA76-41C1-42D1-839B-1AEA84D366FC}.Debug|Any CPU.Build.0 = Debug|Any CPU
		{626FFA76-41C1-42D1-839B-1AEA84D366FC}.Release|Any CPU.ActiveCfg = Release|Any CPU
		{626FFA76-41C1-42D1-839B-1AEA84D366FC}.Release|Any CPU.Build.0 = Release|Any CPU
		{9F503F5D-9B56-4037-9DC3-A1396E0D70AF}.Debug|Any CPU.ActiveCfg = Debug|Any CPU
		{9F503F5D-9B56-4037-9DC3-A1396E0D70AF}.Debug|Any CPU.Build.0 = Debug|Any CPU
		{9F503F5D-9B56-4037-9DC3-A1396E0D70AF}.Release|Any CPU.ActiveCfg = Release|Any CPU
		{9F503F5D-9B56-4037-9DC3-A1396E0D70AF}.Release|Any CPU.Build.0 = Release|Any CPU
		{9B3A73FE-D9CF-4114-AD60-07352A4C1AC9}.Debug|Any CPU.ActiveCfg = Debug|Any CPU
		{9B3A73FE-D9CF-4114-AD60-07352A4C1AC9}.Debug|Any CPU.Build.0 = Debug|Any CPU
		{9B3A73FE-D9CF-4114-AD60-07352A4C1AC9}.Release|Any CPU.ActiveCfg = Release|Any CPU
		{9B3A73FE-D9CF-4114-AD60-07352A4C1AC9}.Release|Any CPU.Build.0 = Release|Any CPU
	EndGlobalSection
	GlobalSection(SolutionProperties) = preSolution
		HideSolutionNode = FALSE
	EndGlobalSection
	GlobalSection(NestedProjects) = preSolution
		{59986409-FC77-47AF-A9A2-6BFA47FAEDF0} = {06672317-C7F6-4701-B662-E0F51C5288FB}
		{0EF32F9B-2509-4804-9953-2BAC2AA9922F} = {06672317-C7F6-4701-B662-E0F51C5288FB}
		{9B3A73FE-D9CF-4114-AD60-07352A4C1AC9} = {59B6C1AF-80ED-4863-B1DF-9D87F538DA49}
		{E72C6409-ADB0-4EB4-84B3-9600A7A41479} = {59B6C1AF-80ED-4863-B1DF-9D87F538DA49}
		{626FFA76-41C1-42D1-839B-1AEA84D366FC} = {59B6C1AF-80ED-4863-B1DF-9D87F538DA49}
		{9F503F5D-9B56-4037-9DC3-A1396E0D70AF} = {59B6C1AF-80ED-4863-B1DF-9D87F538DA49}
		{93F62AF9-E465-46C4-B135-5FBED3B9D927} = {8D631D59-0739-4FD0-8E16-B60B126A3133}
		{D5037299-C12A-442F-B46E-7E8A6F0DCF5A} = {8D631D59-0739-4FD0-8E16-B60B126A3133}
		{F8FC2F37-BC9A-4D8D-A7C0-4B60E4F4055A} = {8D631D59-0739-4FD0-8E16-B60B126A3133}
		{A3207D3B-AC6D-4131-A63B-E94A43BB1733} = {B0B0F554-ABD4-4B0F-8868-93DD9B845A77}
	EndGlobalSection
EndGlobal
